// !$*UTF8*$!
{
	archiveVersion = 1;
	classes = {
	};
	objectVersion = 46;
	objects = {

/* Begin PBXBuildFile section */
		018C5B021CBB9D1F000A8F29 /* InfoPlist.strings in Resources */ = {isa = PBXBuildFile; fileRef = 018C5B041CBB9D1F000A8F29 /* InfoPlist.strings */; };
		01B4F72D1CBB6C59008AE264 /* AppDelegate.swift in Sources */ = {isa = PBXBuildFile; fileRef = 01B4F72C1CBB6C59008AE264 /* AppDelegate.swift */; };
		01B4F72F1CBB6C59008AE264 /* ViewController.swift in Sources */ = {isa = PBXBuildFile; fileRef = 01B4F72E1CBB6C59008AE264 /* ViewController.swift */; };
		01B4F7321CBB6C59008AE264 /* Main.storyboard in Resources */ = {isa = PBXBuildFile; fileRef = 01B4F7301CBB6C59008AE264 /* Main.storyboard */; };
		01B4F7351CBB6C59008AE264 /* i18nTest.xcdatamodeld in Sources */ = {isa = PBXBuildFile; fileRef = 01B4F7331CBB6C59008AE264 /* i18nTest.xcdatamodeld */; };
		01B4F7371CBB6C59008AE264 /* Assets.xcassets in Resources */ = {isa = PBXBuildFile; fileRef = 01B4F7361CBB6C59008AE264 /* Assets.xcassets */; };
		01B4F73A1CBB6C59008AE264 /* LaunchScreen.storyboard in Resources */ = {isa = PBXBuildFile; fileRef = 01B4F7381CBB6C59008AE264 /* LaunchScreen.storyboard */; };
/* End PBXBuildFile section */

/* Begin PBXFileReference section */
		018C5B031CBB9D1F000A8F29 /* ar-EG */ = {isa = PBXFileReference; lastKnownFileType = text.plist.strings; name = "ar-EG"; path = "ar-EG.lproj/InfoPlist.strings"; sourceTree = "<group>"; };
		018C5B051CBB9D3E000A8F29 /* ja */ = {isa = PBXFileReference; lastKnownFileType = text.plist.strings; name = ja; path = ja.lproj/InfoPlist.strings; sourceTree = "<group>"; };
		01B4F7291CBB6C59008AE264 /* i18nTest.app */ = {isa = PBXFileReference; explicitFileType = wrapper.application; includeInIndex = 0; path = i18nTest.app; sourceTree = BUILT_PRODUCTS_DIR; };
		01B4F72C1CBB6C59008AE264 /* AppDelegate.swift */ = {isa = PBXFileReference; lastKnownFileType = sourcecode.swift; path = AppDelegate.swift; sourceTree = "<group>"; };
		01B4F72E1CBB6C59008AE264 /* ViewController.swift */ = {isa = PBXFileReference; lastKnownFileType = sourcecode.swift; path = ViewController.swift; sourceTree = "<group>"; };
		01B4F7311CBB6C59008AE264 /* Base */ = {isa = PBXFileReference; lastKnownFileType = file.storyboard; name = Base; path = Base.lproj/Main.storyboard; sourceTree = "<group>"; };
		01B4F7341CBB6C59008AE264 /* i18nTest.xcdatamodel */ = {isa = PBXFileReference; lastKnownFileType = wrapper.xcdatamodel; path = i18nTest.xcdatamodel; sourceTree = "<group>"; };
		01B4F7361CBB6C59008AE264 /* Assets.xcassets */ = {isa = PBXFileReference; lastKnownFileType = folder.assetcatalog; path = Assets.xcassets; sourceTree = "<group>"; };
		01B4F7391CBB6C59008AE264 /* Base */ = {isa = PBXFileReference; lastKnownFileType = file.storyboard; name = Base; path = Base.lproj/LaunchScreen.storyboard; sourceTree = "<group>"; };
		01B4F73B1CBB6C5A008AE264 /* Info.plist */ = {isa = PBXFileReference; lastKnownFileType = text.plist.xml; path = Info.plist; sourceTree = "<group>"; };
		01B4F7471CBB94A7008AE264 /* fr */ = {isa = PBXFileReference; lastKnownFileType = text.plist.strings; name = fr; path = fr.lproj/Main.strings; sourceTree = "<group>"; };
		01B4F7481CBB94A7008AE264 /* fr */ = {isa = PBXFileReference; lastKnownFileType = text.plist.strings; name = fr; path = fr.lproj/LaunchScreen.strings; sourceTree = "<group>"; };
		01B4F7491CBB94AE008AE264 /* zh-Hans */ = {isa = PBXFileReference; lastKnownFileType = text.plist.strings; name = "zh-Hans"; path = "zh-Hans.lproj/Main.strings"; sourceTree = "<group>"; };
		01B4F74A1CBB94AE008AE264 /* zh-Hans */ = {isa = PBXFileReference; lastKnownFileType = text.plist.strings; name = "zh-Hans"; path = "zh-Hans.lproj/LaunchScreen.strings"; sourceTree = "<group>"; };
		01B4F74D1CBB94CA008AE264 /* ar-EG */ = {isa = PBXFileReference; lastKnownFileType = text.plist.strings; name = "ar-EG"; path = "ar-EG.lproj/Main.strings"; sourceTree = "<group>"; };
		01B4F74E1CBB94CB008AE264 /* ar-EG */ = {isa = PBXFileReference; lastKnownFileType = text.plist.strings; name = "ar-EG"; path = "ar-EG.lproj/LaunchScreen.strings"; sourceTree = "<group>"; };
		01B4F74F1CBB94E0008AE264 /* ja */ = {isa = PBXFileReference; lastKnownFileType = text.plist.strings; name = ja; path = ja.lproj/Main.strings; sourceTree = "<group>"; };
		01B4F7501CBB94E0008AE264 /* ja */ = {isa = PBXFileReference; lastKnownFileType = text.plist.strings; name = ja; path = ja.lproj/LaunchScreen.strings; sourceTree = "<group>"; };
/* End PBXFileReference section */

/* Begin PBXFrameworksBuildPhase section */
		01B4F7261CBB6C59008AE264 /* Frameworks */ = {
			isa = PBXFrameworksBuildPhase;
			buildActionMask = 2147483647;
			files = (
			);
			runOnlyForDeploymentPostprocessing = 0;
		};
/* End PBXFrameworksBuildPhase section */

/* Begin PBXGroup section */
		01B4F7201CBB6C59008AE264 = {
			isa = PBXGroup;
			children = (
				01B4F72B1CBB6C59008AE264 /* i18nTest */,
				01B4F72A1CBB6C59008AE264 /* Products */,
			);
			sourceTree = "<group>";
		};
		01B4F72A1CBB6C59008AE264 /* Products */ = {
			isa = PBXGroup;
			children = (
				01B4F7291CBB6C59008AE264 /* i18nTest.app */,
			);
			name = Products;
			sourceTree = "<group>";
		};
		01B4F72B1CBB6C59008AE264 /* i18nTest */ = {
			isa = PBXGroup;
			children = (
				018C5B041CBB9D1F000A8F29 /* InfoPlist.strings */,
				01B4F72C1CBB6C59008AE264 /* AppDelegate.swift */,
				01B4F72E1CBB6C59008AE264 /* ViewController.swift */,
				01B4F7301CBB6C59008AE264 /* Main.storyboard */,
				01B4F7361CBB6C59008AE264 /* Assets.xcassets */,
				01B4F7381CBB6C59008AE264 /* LaunchScreen.storyboard */,
				01B4F73B1CBB6C5A008AE264 /* Info.plist */,
				01B4F7331CBB6C59008AE264 /* i18nTest.xcdatamodeld */,
			);
			path = i18nTest;
			sourceTree = "<group>";
		};
/* End PBXGroup section */

/* Begin PBXNativeTarget section */
		01B4F7281CBB6C59008AE264 /* i18nTest */ = {
			isa = PBXNativeTarget;
			buildConfigurationList = 01B4F73E1CBB6C5A008AE264 /* Build configuration list for PBXNativeTarget "i18nTest" */;
			buildPhases = (
				01B4F7251CBB6C59008AE264 /* Sources */,
				01B4F7261CBB6C59008AE264 /* Frameworks */,
				01B4F7271CBB6C59008AE264 /* Resources */,
			);
			buildRules = (
			);
			dependencies = (
			);
			name = i18nTest;
			productName = i18nTest;
			productReference = 01B4F7291CBB6C59008AE264 /* i18nTest.app */;
			productType = "com.apple.product-type.application";
		};
/* End PBXNativeTarget section */

/* Begin PBXProject section */
		01B4F7211CBB6C59008AE264 /* Project object */ = {
			isa = PBXProject;
			attributes = {
				LastSwiftUpdateCheck = 0730;
				LastUpgradeCheck = 0730;
				ORGANIZATIONNAME = bifangyv;
				TargetAttributes = {
					01B4F7281CBB6C59008AE264 = {
						CreatedOnToolsVersion = 7.3;
						DevelopmentTeam = MB7L74VH3J;
					};
				};
			};
			buildConfigurationList = 01B4F7241CBB6C59008AE264 /* Build configuration list for PBXProject "i18nTest" */;
			compatibilityVersion = "Xcode 3.2";
			developmentRegion = English;
			hasScannedForEncodings = 0;
			knownRegions = (
				en,
				Base,
			);
			mainGroup = 01B4F7201CBB6C59008AE264;
			productRefGroup = 01B4F72A1CBB6C59008AE264 /* Products */;
			projectDirPath = "";
			projectRoot = "";
			targets = (
				01B4F7281CBB6C59008AE264 /* i18nTest */,
			);
		};
/* End PBXProject section */

/* Begin PBXResourcesBuildPhase section */
		01B4F7271CBB6C59008AE264 /* Resources */ = {
			isa = PBXResourcesBuildPhase;
			buildActionMask = 2147483647;
			files = (
				01B4F73A1CBB6C59008AE264 /* LaunchScreen.storyboard in Resources */,
				018C5B021CBB9D1F000A8F29 /* InfoPlist.strings in Resources */,
				01B4F7371CBB6C59008AE264 /* Assets.xcassets in Resources */,
				01B4F7321CBB6C59008AE264 /* Main.storyboard in Resources */,
			);
			runOnlyForDeploymentPostprocessing = 0;
		};
/* End PBXResourcesBuildPhase section */

/* Begin PBXSourcesBuildPhase section */
		01B4F7251CBB6C59008AE264 /* Sources */ = {
			isa = PBXSourcesBuildPhase;
			buildActionMask = 2147483647;
			files = (
				01B4F7351CBB6C59008AE264 /* i18nTest.xcdatamodeld in Sources */,
				01B4F72F1CBB6C59008AE264 /* ViewController.swift in Sources */,
				01B4F72D1CBB6C59008AE264 /* AppDelegate.swift in Sources */,
			);
			runOnlyForDeploymentPostprocessing = 0;
		};
/* End PBXSourcesBuildPhase section */

/* Begin PBXVariantGroup section */
		018C5B041CBB9D1F000A8F29 /* InfoPlist.strings */ = {
			isa = PBXVariantGroup;
			children = (
				018C5B031CBB9D1F000A8F29 /* ar-EG */,
				018C5B051CBB9D3E000A8F29 /* ja */,
			);
			name = InfoPlist.strings;
			sourceTree = "<group>";
		};
		01B4F7301CBB6C59008AE264 /* Main.storyboard */ = {
			isa = PBXVariantGroup;
			children = (
				01B4F7311CBB6C59008AE264 /* Base */,
				01B4F7471CBB94A7008AE264 /* fr */,
				01B4F7491CBB94AE008AE264 /* zh-Hans */,
				01B4F74D1CBB94CA008AE264 /* ar-EG */,
				01B4F74F1CBB94E0008AE264 /* ja */,
			);
			name = Main.storyboard;
			sourceTree = "<group>";
		};
		01B4F7381CBB6C59008AE264 /* LaunchScreen.storyboard */ = {
			isa = PBXVariantGroup;
			children = (
				01B4F7391CBB6C59008AE264 /* Base */,
				01B4F7481CBB94A7008AE264 /* fr */,
				01B4F74A1CBB94AE008AE264 /* zh-Hans */,
				01B4F74E1CBB94CB008AE264 /* ar-EG */,
				01B4F7501CBB94E0008AE264 /* ja */,
			);
			name = LaunchScreen.storyboard;
			sourceTree = "<group>";
		};
/* End PBXVariantGroup section */

/* Begin XCBuildConfiguration section */
		01B4F73C1CBB6C5A008AE264 /* Debug */ = {
			isa = XCBuildConfiguration;
			buildSettings = {
				ALWAYS_SEARCH_USER_PATHS = NO;
				CLANG_ANALYZER_NONNULL = YES;
				CLANG_CXX_LANGUAGE_STANDARD = "gnu++0x";
				CLANG_CXX_LIBRARY = "libc++";
				CLANG_ENABLE_MODULES = YES;
				CLANG_ENABLE_OBJC_ARC = YES;
				CLANG_WARN_BOOL_CONVERSION = YES;
				CLANG_WARN_CONSTANT_CONVERSION = YES;
				CLANG_WARN_DIRECT_OBJC_ISA_USAGE = YES_ERROR;
				CLANG_WARN_EMPTY_BODY = YES;
				CLANG_WARN_ENUM_CONVERSION = YES;
				CLANG_WARN_INT_CONVERSION = YES;
				CLANG_WARN_OBJC_ROOT_CLASS = YES_ERROR;
				CLANG_WARN_UNREACHABLE_CODE = YES;
				CLANG_WARN__DUPLICATE_METHOD_MATCH = YES;
				"CODE_SIGN_IDENTITY[sdk=iphoneos*]" = "iPhone Developer";
				COPY_PHASE_STRIP = NO;
				DEBUG_INFORMATION_FORMAT = dwarf;
				ENABLE_STRICT_OBJC_MSGSEND = YES;
				ENABLE_TESTABILITY = YES;
				GCC_C_LANGUAGE_STANDARD = gnu99;
				GCC_DYNAMIC_NO_PIC = NO;
				GCC_NO_COMMON_BLOCKS = YES;
				GCC_OPTIMIZATION_LEVEL = 0;
				GCC_PREPROCESSOR_DEFINITIONS = (
					"DEBUG=1",
					"$(inherited)",
				);
				GCC_WARN_64_TO_32_BIT_CONVERSION = YES;
				GCC_WARN_ABOUT_RETURN_TYPE = YES_ERROR;
				GCC_WARN_UNDECLARED_SELECTOR = YES;
				GCC_WARN_UNINITIALIZED_AUTOS = YES_AGGRESSIVE;
				GCC_WARN_UNUSED_FUNCTION = YES;
				GCC_WARN_UNUSED_VARIABLE = YES;
				IPHONEOS_DEPLOYMENT_TARGET = 9.3;
				MTL_ENABLE_DEBUG_INFO = YES;
				ONLY_ACTIVE_ARCH = YES;
				SDKROOT = iphoneos;
				SWIFT_OPTIMIZATION_LEVEL = "-Onone";
				TARGETED_DEVICE_FAMILY = "1,2";
			};
			name = Debug;
		};
		01B4F73D1CBB6C5A008AE264 /* Release */ = {
			isa = XCBuildConfiguration;
			buildSettings = {
				ALWAYS_SEARCH_USER_PATHS = NO;
				CLANG_ANALYZER_NONNULL = YES;
				CLANG_CXX_LANGUAGE_STANDARD = "gnu++0x";
				CLANG_CXX_LIBRARY = "libc++";
				CLANG_ENABLE_MODULES = YES;
				CLANG_ENABLE_OBJC_ARC = YES;
				CLANG_WARN_BOOL_CONVERSION = YES;
				CLANG_WARN_CONSTANT_CONVERSION = YES;
				CLANG_WARN_DIRECT_OBJC_ISA_USAGE = YES_ERROR;
				CLANG_WARN_EMPTY_BODY = YES;
				CLANG_WARN_ENUM_CONVERSION = YES;
				CLANG_WARN_INT_CONVERSION = YES;
				CLANG_WARN_OBJC_ROOT_CLASS = YES_ERROR;
				CLANG_WARN_UNREACHABLE_CODE = YES;
				CLANG_WARN__DUPLICATE_METHOD_MATCH = YES;
				"CODE_SIGN_IDENTITY[sdk=iphoneos*]" = "iPhone Developer";
				COPY_PHASE_STRIP = NO;
				DEBUG_INFORMATION_FORMAT = "dwarf-with-dsym";
				ENABLE_NS_ASSERTIONS = NO;
				ENABLE_STRICT_OBJC_MSGSEND = YES;
				GCC_C_LANGUAGE_STANDARD = gnu99;
				GCC_NO_COMMON_BLOCKS = YES;
				GCC_WARN_64_TO_32_BIT_CONVERSION = YES;
				GCC_WARN_ABOUT_RETURN_TYPE = YES_ERROR;
				GCC_WARN_UNDECLARED_SELECTOR = YES;
				GCC_WARN_UNINITIALIZED_AUTOS = YES_AGGRESSIVE;
				GCC_WARN_UNUSED_FUNCTION = YES;
				GCC_WARN_UNUSED_VARIABLE = YES;
				IPHONEOS_DEPLOYMENT_TARGET = 9.3;
				MTL_ENABLE_DEBUG_INFO = NO;
				SDKROOT = iphoneos;
				TARGETED_DEVICE_FAMILY = "1,2";
				VALIDATE_PRODUCT = YES;
			};
			name = Release;
		};
		01B4F73F1CBB6C5A008AE264 /* Debug */ = {
			isa = XCBuildConfiguration;
			buildSettings = {
				ASSETCATALOG_COMPILER_APPICON_NAME = AppIcon;
				INFOPLIST_FILE = i18nTest/Info.plist;
				LD_RUNPATH_SEARCH_PATHS = "$(inherited) @executable_path/Frameworks";
				PRODUCT_BUNDLE_IDENTIFIER = bifangyv.i18nTest;
				PRODUCT_NAME = "$(TARGET_NAME)";
			};
			name = Debug;
		};
		01B4F7401CBB6C5A008AE264 /* Release */ = {
			isa = XCBuildConfiguration;
			buildSettings = {
				ASSETCATALOG_COMPILER_APPICON_NAME = AppIcon;
				INFOPLIST_FILE = i18nTest/Info.plist;
				LD_RUNPATH_SEARCH_PATHS = "$(inherited) @executable_path/Frameworks";
				PRODUCT_BUNDLE_IDENTIFIER = bifangyv.i18nTest;
				PRODUCT_NAME = "$(TARGET_NAME)";
			};
			name = Release;
		};
/* End XCBuildConfiguration section */

/* Begin XCConfigurationList section */
		01B4F7241CBB6C59008AE264 /* Build configuration list for PBXProject "i18nTest" */ = {
			isa = XCConfigurationList;
			buildConfigurations = (
				01B4F73C1CBB6C5A008AE264 /* Debug */,
				01B4F73D1CBB6C5A008AE264 /* Release */,
			);
			defaultConfigurationIsVisible = 0;
			defaultConfigurationName = Release;
		};
		01B4F73E1CBB6C5A008AE264 /* Build configuration list for PBXNativeTarget "i18nTest" */ = {
			isa = XCConfigurationList;
			buildConfigurations = (
				01B4F73F1CBB6C5A008AE264 /* Debug */,
				01B4F7401CBB6C5A008AE264 /* Release */,
			);
			defaultConfigurationIsVisible = 0;
			defaultConfigurationName = Release;
		};
/* End XCConfigurationList section */

/* Begin XCVersionGroup section */
		01B4F7331CBB6C59008AE264 /* i18nTest.xcdatamodeld */ = {
			isa = XCVersionGroup;
			children = (
				01B4F7341CBB6C59008AE264 /* i18nTest.xcdatamodel */,
			);
			currentVersion = 01B4F7341CBB6C59008AE264 /* i18nTest.xcdatamodel */;
			path = i18nTest.xcdatamodeld;
			sourceTree = "<group>";
			versionGroupType = wrapper.xcdatamodel;
		};
/* End XCVersionGroup section */
	};
	rootObject = 01B4F7211CBB6C59008AE264 /* Project object */;
}
