// !$*UTF8*$!
{
	archiveVersion = 1;
	classes = {
	};
	objectVersion = 46;
	objects = {

/* Begin PBXBuildFile section */
		01E5C8B01CB79FEB00B2D39A /* AppDelegate.swift in Sources */ = {isa = PBXBuildFile; fileRef = 01E5C8AF1CB79FEB00B2D39A /* AppDelegate.swift */; };
		01E5C8B21CB79FEB00B2D39A /* ViewController.swift in Sources */ = {isa = PBXBuildFile; fileRef = 01E5C8B11CB79FEB00B2D39A /* ViewController.swift */; };
		01E5C8B51CB79FEB00B2D39A /* Main.storyboard in Resources */ = {isa = PBXBuildFile; fileRef = 01E5C8B31CB79FEB00B2D39A /* Main.storyboard */; };
		01E5C8B71CB79FEB00B2D39A /* Assets.xcassets in Resources */ = {isa = PBXBuildFile; fileRef = 01E5C8B61CB79FEB00B2D39A /* Assets.xcassets */; };
		01E5C8BA1CB79FEB00B2D39A /* LaunchScreen.storyboard in Resources */ = {isa = PBXBuildFile; fileRef = 01E5C8B81CB79FEB00B2D39A /* LaunchScreen.storyboard */; };
		01E5C8C21CB7A05E00B2D39A /* BouncerBehavior.swift in Sources */ = {isa = PBXBuildFile; fileRef = 01E5C8C11CB7A05E00B2D39A /* BouncerBehavior.swift */; };
/* End PBXBuildFile section */

/* Begin PBXFileReference section */
		01E5C8AC1CB79FEB00B2D39A /* Bouncer.app */ = {isa = PBXFileReference; explicitFileType = wrapper.application; includeInIndex = 0; path = Bouncer.app; sourceTree = BUILT_PRODUCTS_DIR; };
		01E5C8AF1CB79FEB00B2D39A /* AppDelegate.swift */ = {isa = PBXFileReference; lastKnownFileType = sourcecode.swift; path = AppDelegate.swift; sourceTree = "<group>"; };
		01E5C8B11CB79FEB00B2D39A /* ViewController.swift */ = {isa = PBXFileReference; lastKnownFileType = sourcecode.swift; path = ViewController.swift; sourceTree = "<group>"; };
		01E5C8B41CB79FEB00B2D39A /* Base */ = {isa = PBXFileReference; lastKnownFileType = file.storyboard; name = Base; path = Base.lproj/Main.storyboard; sourceTree = "<group>"; };
		01E5C8B61CB79FEB00B2D39A /* Assets.xcassets */ = {isa = PBXFileReference; lastKnownFileType = folder.assetcatalog; path = Assets.xcassets; sourceTree = "<group>"; };
		01E5C8B91CB79FEB00B2D39A /* Base */ = {isa = PBXFileReference; lastKnownFileType = file.storyboard; name = Base; path = Base.lproj/LaunchScreen.storyboard; sourceTree = "<group>"; };
		01E5C8BB1CB79FEB00B2D39A /* Info.plist */ = {isa = PBXFileReference; lastKnownFileType = text.plist.xml; path = Info.plist; sourceTree = "<group>"; };
		01E5C8C11CB7A05E00B2D39A /* BouncerBehavior.swift */ = {isa = PBXFileReference; fileEncoding = 4; lastKnownFileType = sourcecode.swift; path = BouncerBehavior.swift; sourceTree = "<group>"; };
/* End PBXFileReference section */

/* Begin PBXFrameworksBuildPhase section */
		01E5C8A91CB79FEB00B2D39A /* Frameworks */ = {
			isa = PBXFrameworksBuildPhase;
			buildActionMask = 2147483647;
			files = (
			);
			runOnlyForDeploymentPostprocessing = 0;
		};
/* End PBXFrameworksBuildPhase section */

/* Begin PBXGroup section */
		01E5C8A31CB79FEB00B2D39A = {
			isa = PBXGroup;
			children = (
				01E5C8AE1CB79FEB00B2D39A /* Bouncer */,
				01E5C8AD1CB79FEB00B2D39A /* Products */,
			);
			sourceTree = "<group>";
		};
		01E5C8AD1CB79FEB00B2D39A /* Products */ = {
			isa = PBXGroup;
			children = (
				01E5C8AC1CB79FEB00B2D39A /* Bouncer.app */,
			);
			name = Products;
			sourceTree = "<group>";
		};
		01E5C8AE1CB79FEB00B2D39A /* Bouncer */ = {
			isa = PBXGroup;
			children = (
				01E5C8AF1CB79FEB00B2D39A /* AppDelegate.swift */,
				01E5C8B11CB79FEB00B2D39A /* ViewController.swift */,
				01E5C8C11CB7A05E00B2D39A /* BouncerBehavior.swift */,
				01E5C8B31CB79FEB00B2D39A /* Main.storyboard */,
				01E5C8B61CB79FEB00B2D39A /* Assets.xcassets */,
				01E5C8B81CB79FEB00B2D39A /* LaunchScreen.storyboard */,
				01E5C8BB1CB79FEB00B2D39A /* Info.plist */,
			);
			path = Bouncer;
			sourceTree = "<group>";
		};
/* End PBXGroup section */

/* Begin PBXNativeTarget section */
		01E5C8AB1CB79FEB00B2D39A /* Bouncer */ = {
			isa = PBXNativeTarget;
			buildConfigurationList = 01E5C8BE1CB79FEB00B2D39A /* Build configuration list for PBXNativeTarget "Bouncer" */;
			buildPhases = (
				01E5C8A81CB79FEB00B2D39A /* Sources */,
				01E5C8A91CB79FEB00B2D39A /* Frameworks */,
				01E5C8AA1CB79FEB00B2D39A /* Resources */,
			);
			buildRules = (
			);
			dependencies = (
			);
			name = Bouncer;
			productName = Bouncer;
			productReference = 01E5C8AC1CB79FEB00B2D39A /* Bouncer.app */;
			productType = "com.apple.product-type.application";
		};
/* End PBXNativeTarget section */

/* Begin PBXProject section */
		01E5C8A41CB79FEB00B2D39A /* Project object */ = {
			isa = PBXProject;
			attributes = {
				LastSwiftUpdateCheck = 0730;
				LastUpgradeCheck = 0730;
				ORGANIZATIONNAME = bifangyv;
				TargetAttributes = {
					01E5C8AB1CB79FEB00B2D39A = {
						CreatedOnToolsVersion = 7.3;
						DevelopmentTeam = MB7L74VH3J;
					};
				};
			};
			buildConfigurationList = 01E5C8A71CB79FEB00B2D39A /* Build configuration list for PBXProject "Bouncer" */;
			compatibilityVersion = "Xcode 3.2";
			developmentRegion = English;
			hasScannedForEncodings = 0;
			knownRegions = (
				en,
				Base,
			);
			mainGroup = 01E5C8A31CB79FEB00B2D39A;
			productRefGroup = 01E5C8AD1CB79FEB00B2D39A /* Products */;
			projectDirPath = "";
			projectRoot = "";
			targets = (
				01E5C8AB1CB79FEB00B2D39A /* Bouncer */,
			);
		};
/* End PBXProject section */

/* Begin PBXResourcesBuildPhase section */
		01E5C8AA1CB79FEB00B2D39A /* Resources */ = {
			isa = PBXResourcesBuildPhase;
			buildActionMask = 2147483647;
			files = (
				01E5C8BA1CB79FEB00B2D39A /* LaunchScreen.storyboard in Resources */,
				01E5C8B71CB79FEB00B2D39A /* Assets.xcassets in Resources */,
				01E5C8B51CB79FEB00B2D39A /* Main.storyboard in Resources */,
			);
			runOnlyForDeploymentPostprocessing = 0;
		};
/* End PBXResourcesBuildPhase section */

/* Begin PBXSourcesBuildPhase section */
		01E5C8A81CB79FEB00B2D39A /* Sources */ = {
			isa = PBXSourcesBuildPhase;
			buildActionMask = 2147483647;
			files = (
				01E5C8B21CB79FEB00B2D39A /* ViewController.swift in Sources */,
				01E5C8B01CB79FEB00B2D39A /* AppDelegate.swift in Sources */,
				01E5C8C21CB7A05E00B2D39A /* BouncerBehavior.swift in Sources */,
			);
			runOnlyForDeploymentPostprocessing = 0;
		};
/* End PBXSourcesBuildPhase section */

/* Begin PBXVariantGroup section */
		01E5C8B31CB79FEB00B2D39A /* Main.storyboard */ = {
			isa = PBXVariantGroup;
			children = (
				01E5C8B41CB79FEB00B2D39A /* Base */,
			);
			name = Main.storyboard;
			sourceTree = "<group>";
		};
		01E5C8B81CB79FEB00B2D39A /* LaunchScreen.storyboard */ = {
			isa = PBXVariantGroup;
			children = (
				01E5C8B91CB79FEB00B2D39A /* Base */,
			);
			name = LaunchScreen.storyboard;
			sourceTree = "<group>";
		};
/* End PBXVariantGroup section */

/* Begin XCBuildConfiguration section */
		01E5C8BC1CB79FEB00B2D39A /* Debug */ = {
			isa = XCBuildConfiguration;
			buildSettings = {
				ALWAYS_SEARCH_USER_PATHS = NO;
				CLANG_ANALYZER_NONNULL = YES;
				CLANG_CXX_LANGUAGE_STANDARD = "gnu++0x";
				CLANG_CXX_LIBRARY = "libc++";
				CLANG_ENABLE_MODULES = YES;
				CLANG_ENABLE_OBJC_ARC = YES;
				CLANG_WARN_BOOL_CONVERSION = YES;
				CLANG_WARN_CONSTANT_CONVERSION = YES;
				CLANG_WARN_DIRECT_OBJC_ISA_USAGE = YES_ERROR;
				CLANG_WARN_EMPTY_BODY = YES;
				CLANG_WARN_ENUM_CONVERSION = YES;
				CLANG_WARN_INT_CONVERSION = YES;
				CLANG_WARN_OBJC_ROOT_CLASS = YES_ERROR;
				CLANG_WARN_UNREACHABLE_CODE = YES;
				CLANG_WARN__DUPLICATE_METHOD_MATCH = YES;
				"CODE_SIGN_IDENTITY[sdk=iphoneos*]" = "iPhone Developer";
				COPY_PHASE_STRIP = NO;
				DEBUG_INFORMATION_FORMAT = dwarf;
				ENABLE_STRICT_OBJC_MSGSEND = YES;
				ENABLE_TESTABILITY = YES;
				GCC_C_LANGUAGE_STANDARD = gnu99;
				GCC_DYNAMIC_NO_PIC = NO;
				GCC_NO_COMMON_BLOCKS = YES;
				GCC_OPTIMIZATION_LEVEL = 0;
				GCC_PREPROCESSOR_DEFINITIONS = (
					"DEBUG=1",
					"$(inherited)",
				);
				GCC_WARN_64_TO_32_BIT_CONVERSION = YES;
				GCC_WARN_ABOUT_RETURN_TYPE = YES_ERROR;
				GCC_WARN_UNDECLARED_SELECTOR = YES;
				GCC_WARN_UNINITIALIZED_AUTOS = YES_AGGRESSIVE;
				GCC_WARN_UNUSED_FUNCTION = YES;
				GCC_WARN_UNUSED_VARIABLE = YES;
				IPHONEOS_DEPLOYMENT_TARGET = 9.3;
				MTL_ENABLE_DEBUG_INFO = YES;
				ONLY_ACTIVE_ARCH = YES;
				SDKROOT = iphoneos;
				SWIFT_OPTIMIZATION_LEVEL = "-Onone";
				TARGETED_DEVICE_FAMILY = "1,2";
			};
			name = Debug;
		};
		01E5C8BD1CB79FEB00B2D39A /* Release */ = {
			isa = XCBuildConfiguration;
			buildSettings = {
				ALWAYS_SEARCH_USER_PATHS = NO;
				CLANG_ANALYZER_NONNULL = YES;
				CLANG_CXX_LANGUAGE_STANDARD = "gnu++0x";
				CLANG_CXX_LIBRARY = "libc++";
				CLANG_ENABLE_MODULES = YES;
				CLANG_ENABLE_OBJC_ARC = YES;
				CLANG_WARN_BOOL_CONVERSION = YES;
				CLANG_WARN_CONSTANT_CONVERSION = YES;
				CLANG_WARN_DIRECT_OBJC_ISA_USAGE = YES_ERROR;
				CLANG_WARN_EMPTY_BODY = YES;
				CLANG_WARN_ENUM_CONVERSION = YES;
				CLANG_WARN_INT_CONVERSION = YES;
				CLANG_WARN_OBJC_ROOT_CLASS = YES_ERROR;
				CLANG_WARN_UNREACHABLE_CODE = YES;
				CLANG_WARN__DUPLICATE_METHOD_MATCH = YES;
				"CODE_SIGN_IDENTITY[sdk=iphoneos*]" = "iPhone Developer";
				COPY_PHASE_STRIP = NO;
				DEBUG_INFORMATION_FORMAT = "dwarf-with-dsym";
				ENABLE_NS_ASSERTIONS = NO;
				ENABLE_STRICT_OBJC_MSGSEND = YES;
				GCC_C_LANGUAGE_STANDARD = gnu99;
				GCC_NO_COMMON_BLOCKS = YES;
				GCC_WARN_64_TO_32_BIT_CONVERSION = YES;
				GCC_WARN_ABOUT_RETURN_TYPE = YES_ERROR;
				GCC_WARN_UNDECLARED_SELECTOR = YES;
				GCC_WARN_UNINITIALIZED_AUTOS = YES_AGGRESSIVE;
				GCC_WARN_UNUSED_FUNCTION = YES;
				GCC_WARN_UNUSED_VARIABLE = YES;
				IPHONEOS_DEPLOYMENT_TARGET = 9.3;
				MTL_ENABLE_DEBUG_INFO = NO;
				SDKROOT = iphoneos;
				TARGETED_DEVICE_FAMILY = "1,2";
				VALIDATE_PRODUCT = YES;
			};
			name = Release;
		};
		01E5C8BF1CB79FEB00B2D39A /* Debug */ = {
			isa = XCBuildConfiguration;
			buildSettings = {
				ASSETCATALOG_COMPILER_APPICON_NAME = AppIcon;
				INFOPLIST_FILE = Bouncer/Info.plist;
				LD_RUNPATH_SEARCH_PATHS = "$(inherited) @executable_path/Frameworks";
				PRODUCT_BUNDLE_IDENTIFIER = bifangyv.Bouncer;
				PRODUCT_NAME = "$(TARGET_NAME)";
			};
			name = Debug;
		};
		01E5C8C01CB79FEB00B2D39A /* Release */ = {
			isa = XCBuildConfiguration;
			buildSettings = {
				ASSETCATALOG_COMPILER_APPICON_NAME = AppIcon;
				INFOPLIST_FILE = Bouncer/Info.plist;
				LD_RUNPATH_SEARCH_PATHS = "$(inherited) @executable_path/Frameworks";
				PRODUCT_BUNDLE_IDENTIFIER = bifangyv.Bouncer;
				PRODUCT_NAME = "$(TARGET_NAME)";
			};
			name = Release;
		};
/* End XCBuildConfiguration section */

/* Begin XCConfigurationList section */
		01E5C8A71CB79FEB00B2D39A /* Build configuration list for PBXProject "Bouncer" */ = {
			isa = XCConfigurationList;
			buildConfigurations = (
				01E5C8BC1CB79FEB00B2D39A /* Debug */,
				01E5C8BD1CB79FEB00B2D39A /* Release */,
			);
			defaultConfigurationIsVisible = 0;
			defaultConfigurationName = Release;
		};
		01E5C8BE1CB79FEB00B2D39A /* Build configuration list for PBXNativeTarget "Bouncer" */ = {
			isa = XCConfigurationList;
			buildConfigurations = (
				01E5C8BF1CB79FEB00B2D39A /* Debug */,
				01E5C8C01CB79FEB00B2D39A /* Release */,
			);
			defaultConfigurationIsVisible = 0;
			defaultConfigurationName = Release;
		};
/* End XCConfigurationList section */
	};
	rootObject = 01E5C8A41CB79FEB00B2D39A /* Project object */;
}
