// !$*UTF8*$!
{
	archiveVersion = 1;
	classes = {
	};
	objectVersion = 46;
	objects = {

/* Begin PBXBuildFile section */
		010E61071CB4F0EB00C5BDEA /* AppDelegate.swift in Sources */ = {isa = PBXBuildFile; fileRef = 010E61061CB4F0EB00C5BDEA /* AppDelegate.swift */; };
		010E610C1CB4F0EB00C5BDEA /* Main.storyboard in Resources */ = {isa = PBXBuildFile; fileRef = 010E610A1CB4F0EB00C5BDEA /* Main.storyboard */; };
		010E610E1CB4F0EB00C5BDEA /* Assets.xcassets in Resources */ = {isa = PBXBuildFile; fileRef = 010E610D1CB4F0EB00C5BDEA /* Assets.xcassets */; };
		010E61111CB4F0EB00C5BDEA /* LaunchScreen.storyboard in Resources */ = {isa = PBXBuildFile; fileRef = 010E610F1CB4F0EB00C5BDEA /* LaunchScreen.storyboard */; };
		010E61191CB4F26300C5BDEA /* DropitViewController.swift in Sources */ = {isa = PBXBuildFile; fileRef = 010E61181CB4F26300C5BDEA /* DropitViewController.swift */; };
		01F1070C1CB5F5D600BE6A05 /* DropitBehavair.swift in Sources */ = {isa = PBXBuildFile; fileRef = 01F1070B1CB5F5D600BE6A05 /* DropitBehavair.swift */; };
		01F1070E1CB60CE400BE6A05 /* BeizePathView.swift in Sources */ = {isa = PBXBuildFile; fileRef = 01F1070D1CB60CE400BE6A05 /* BeizePathView.swift */; };
/* End PBXBuildFile section */

/* Begin PBXFileReference section */
		010E61031CB4F0EA00C5BDEA /* 下方块.app */ = {isa = PBXFileReference; explicitFileType = wrapper.application; includeInIndex = 0; path = "下方块.app"; sourceTree = BUILT_PRODUCTS_DIR; };
		010E61061CB4F0EB00C5BDEA /* AppDelegate.swift */ = {isa = PBXFileReference; lastKnownFileType = sourcecode.swift; path = AppDelegate.swift; sourceTree = "<group>"; };
		010E610B1CB4F0EB00C5BDEA /* Base */ = {isa = PBXFileReference; lastKnownFileType = file.storyboard; name = Base; path = Base.lproj/Main.storyboard; sourceTree = "<group>"; };
		010E610D1CB4F0EB00C5BDEA /* Assets.xcassets */ = {isa = PBXFileReference; lastKnownFileType = folder.assetcatalog; path = Assets.xcassets; sourceTree = "<group>"; };
		010E61101CB4F0EB00C5BDEA /* Base */ = {isa = PBXFileReference; lastKnownFileType = file.storyboard; name = Base; path = Base.lproj/LaunchScreen.storyboard; sourceTree = "<group>"; };
		010E61121CB4F0EB00C5BDEA /* Info.plist */ = {isa = PBXFileReference; lastKnownFileType = text.plist.xml; path = Info.plist; sourceTree = "<group>"; };
		010E61181CB4F26300C5BDEA /* DropitViewController.swift */ = {isa = PBXFileReference; fileEncoding = 4; lastKnownFileType = sourcecode.swift; path = DropitViewController.swift; sourceTree = "<group>"; };
		01F1070B1CB5F5D600BE6A05 /* DropitBehavair.swift */ = {isa = PBXFileReference; fileEncoding = 4; lastKnownFileType = sourcecode.swift; path = DropitBehavair.swift; sourceTree = "<group>"; };
		01F1070D1CB60CE400BE6A05 /* BeizePathView.swift */ = {isa = PBXFileReference; fileEncoding = 4; lastKnownFileType = sourcecode.swift; path = BeizePathView.swift; sourceTree = "<group>"; };
/* End PBXFileReference section */

/* Begin PBXFrameworksBuildPhase section */
		010E61001CB4F0EA00C5BDEA /* Frameworks */ = {
			isa = PBXFrameworksBuildPhase;
			buildActionMask = 2147483647;
			files = (
			);
			runOnlyForDeploymentPostprocessing = 0;
		};
/* End PBXFrameworksBuildPhase section */

/* Begin PBXGroup section */
		010E60FA1CB4F0EA00C5BDEA = {
			isa = PBXGroup;
			children = (
				010E61051CB4F0EB00C5BDEA /* 下方块 */,
				010E61041CB4F0EA00C5BDEA /* Products */,
			);
			sourceTree = "<group>";
		};
		010E61041CB4F0EA00C5BDEA /* Products */ = {
			isa = PBXGroup;
			children = (
				010E61031CB4F0EA00C5BDEA /* 下方块.app */,
			);
			name = Products;
			sourceTree = "<group>";
		};
		010E61051CB4F0EB00C5BDEA /* 下方块 */ = {
			isa = PBXGroup;
			children = (
				010E610A1CB4F0EB00C5BDEA /* Main.storyboard */,
				010E61181CB4F26300C5BDEA /* DropitViewController.swift */,
				01F1070B1CB5F5D600BE6A05 /* DropitBehavair.swift */,
				01F1070D1CB60CE400BE6A05 /* BeizePathView.swift */,
				010E610D1CB4F0EB00C5BDEA /* Assets.xcassets */,
				010E61061CB4F0EB00C5BDEA /* AppDelegate.swift */,
				010E610F1CB4F0EB00C5BDEA /* LaunchScreen.storyboard */,
				010E61121CB4F0EB00C5BDEA /* Info.plist */,
			);
			path = "下方块";
			sourceTree = "<group>";
		};
/* End PBXGroup section */

/* Begin PBXNativeTarget section */
		010E61021CB4F0EA00C5BDEA /* 下方块 */ = {
			isa = PBXNativeTarget;
			buildConfigurationList = 010E61151CB4F0EB00C5BDEA /* Build configuration list for PBXNativeTarget "下方块" */;
			buildPhases = (
				010E60FF1CB4F0EA00C5BDEA /* Sources */,
				010E61001CB4F0EA00C5BDEA /* Frameworks */,
				010E61011CB4F0EA00C5BDEA /* Resources */,
			);
			buildRules = (
			);
			dependencies = (
			);
			name = "下方块";
			productName = "下方块";
			productReference = 010E61031CB4F0EA00C5BDEA /* 下方块.app */;
			productType = "com.apple.product-type.application";
		};
/* End PBXNativeTarget section */

/* Begin PBXProject section */
		010E60FB1CB4F0EA00C5BDEA /* Project object */ = {
			isa = PBXProject;
			attributes = {
				LastSwiftUpdateCheck = 0730;
				LastUpgradeCheck = 0730;
				ORGANIZATIONNAME = bifangyv;
				TargetAttributes = {
					010E61021CB4F0EA00C5BDEA = {
						CreatedOnToolsVersion = 7.3;
						DevelopmentTeam = MB7L74VH3J;
					};
				};
			};
			buildConfigurationList = 010E60FE1CB4F0EA00C5BDEA /* Build configuration list for PBXProject "下方块" */;
			compatibilityVersion = "Xcode 3.2";
			developmentRegion = English;
			hasScannedForEncodings = 0;
			knownRegions = (
				en,
				Base,
			);
			mainGroup = 010E60FA1CB4F0EA00C5BDEA;
			productRefGroup = 010E61041CB4F0EA00C5BDEA /* Products */;
			projectDirPath = "";
			projectRoot = "";
			targets = (
				010E61021CB4F0EA00C5BDEA /* 下方块 */,
			);
		};
/* End PBXProject section */

/* Begin PBXResourcesBuildPhase section */
		010E61011CB4F0EA00C5BDEA /* Resources */ = {
			isa = PBXResourcesBuildPhase;
			buildActionMask = 2147483647;
			files = (
				010E61111CB4F0EB00C5BDEA /* LaunchScreen.storyboard in Resources */,
				010E610E1CB4F0EB00C5BDEA /* Assets.xcassets in Resources */,
				010E610C1CB4F0EB00C5BDEA /* Main.storyboard in Resources */,
			);
			runOnlyForDeploymentPostprocessing = 0;
		};
/* End PBXResourcesBuildPhase section */

/* Begin PBXSourcesBuildPhase section */
		010E60FF1CB4F0EA00C5BDEA /* Sources */ = {
			isa = PBXSourcesBuildPhase;
			buildActionMask = 2147483647;
			files = (
				010E61191CB4F26300C5BDEA /* DropitViewController.swift in Sources */,
				01F1070E1CB60CE400BE6A05 /* BeizePathView.swift in Sources */,
				010E61071CB4F0EB00C5BDEA /* AppDelegate.swift in Sources */,
				01F1070C1CB5F5D600BE6A05 /* DropitBehavair.swift in Sources */,
			);
			runOnlyForDeploymentPostprocessing = 0;
		};
/* End PBXSourcesBuildPhase section */

/* Begin PBXVariantGroup section */
		010E610A1CB4F0EB00C5BDEA /* Main.storyboard */ = {
			isa = PBXVariantGroup;
			children = (
				010E610B1CB4F0EB00C5BDEA /* Base */,
			);
			name = Main.storyboard;
			sourceTree = "<group>";
		};
		010E610F1CB4F0EB00C5BDEA /* LaunchScreen.storyboard */ = {
			isa = PBXVariantGroup;
			children = (
				010E61101CB4F0EB00C5BDEA /* Base */,
			);
			name = LaunchScreen.storyboard;
			sourceTree = "<group>";
		};
/* End PBXVariantGroup section */

/* Begin XCBuildConfiguration section */
		010E61131CB4F0EB00C5BDEA /* Debug */ = {
			isa = XCBuildConfiguration;
			buildSettings = {
				ALWAYS_SEARCH_USER_PATHS = NO;
				CLANG_ANALYZER_NONNULL = YES;
				CLANG_CXX_LANGUAGE_STANDARD = "gnu++0x";
				CLANG_CXX_LIBRARY = "libc++";
				CLANG_ENABLE_MODULES = YES;
				CLANG_ENABLE_OBJC_ARC = YES;
				CLANG_WARN_BOOL_CONVERSION = YES;
				CLANG_WARN_CONSTANT_CONVERSION = YES;
				CLANG_WARN_DIRECT_OBJC_ISA_USAGE = YES_ERROR;
				CLANG_WARN_EMPTY_BODY = YES;
				CLANG_WARN_ENUM_CONVERSION = YES;
				CLANG_WARN_INT_CONVERSION = YES;
				CLANG_WARN_OBJC_ROOT_CLASS = YES_ERROR;
				CLANG_WARN_UNREACHABLE_CODE = YES;
				CLANG_WARN__DUPLICATE_METHOD_MATCH = YES;
				"CODE_SIGN_IDENTITY[sdk=iphoneos*]" = "iPhone Developer";
				COPY_PHASE_STRIP = NO;
				DEBUG_INFORMATION_FORMAT = dwarf;
				ENABLE_STRICT_OBJC_MSGSEND = YES;
				ENABLE_TESTABILITY = YES;
				GCC_C_LANGUAGE_STANDARD = gnu99;
				GCC_DYNAMIC_NO_PIC = NO;
				GCC_NO_COMMON_BLOCKS = YES;
				GCC_OPTIMIZATION_LEVEL = 0;
				GCC_PREPROCESSOR_DEFINITIONS = (
					"DEBUG=1",
					"$(inherited)",
				);
				GCC_WARN_64_TO_32_BIT_CONVERSION = YES;
				GCC_WARN_ABOUT_RETURN_TYPE = YES_ERROR;
				GCC_WARN_UNDECLARED_SELECTOR = YES;
				GCC_WARN_UNINITIALIZED_AUTOS = YES_AGGRESSIVE;
				GCC_WARN_UNUSED_FUNCTION = YES;
				GCC_WARN_UNUSED_VARIABLE = YES;
				IPHONEOS_DEPLOYMENT_TARGET = 9.3;
				MTL_ENABLE_DEBUG_INFO = YES;
				ONLY_ACTIVE_ARCH = YES;
				SDKROOT = iphoneos;
				SWIFT_OPTIMIZATION_LEVEL = "-Onone";
				TARGETED_DEVICE_FAMILY = "1,2";
			};
			name = Debug;
		};
		010E61141CB4F0EB00C5BDEA /* Release */ = {
			isa = XCBuildConfiguration;
			buildSettings = {
				ALWAYS_SEARCH_USER_PATHS = NO;
				CLANG_ANALYZER_NONNULL = YES;
				CLANG_CXX_LANGUAGE_STANDARD = "gnu++0x";
				CLANG_CXX_LIBRARY = "libc++";
				CLANG_ENABLE_MODULES = YES;
				CLANG_ENABLE_OBJC_ARC = YES;
				CLANG_WARN_BOOL_CONVERSION = YES;
				CLANG_WARN_CONSTANT_CONVERSION = YES;
				CLANG_WARN_DIRECT_OBJC_ISA_USAGE = YES_ERROR;
				CLANG_WARN_EMPTY_BODY = YES;
				CLANG_WARN_ENUM_CONVERSION = YES;
				CLANG_WARN_INT_CONVERSION = YES;
				CLANG_WARN_OBJC_ROOT_CLASS = YES_ERROR;
				CLANG_WARN_UNREACHABLE_CODE = YES;
				CLANG_WARN__DUPLICATE_METHOD_MATCH = YES;
				"CODE_SIGN_IDENTITY[sdk=iphoneos*]" = "iPhone Developer";
				COPY_PHASE_STRIP = NO;
				DEBUG_INFORMATION_FORMAT = "dwarf-with-dsym";
				ENABLE_NS_ASSERTIONS = NO;
				ENABLE_STRICT_OBJC_MSGSEND = YES;
				GCC_C_LANGUAGE_STANDARD = gnu99;
				GCC_NO_COMMON_BLOCKS = YES;
				GCC_WARN_64_TO_32_BIT_CONVERSION = YES;
				GCC_WARN_ABOUT_RETURN_TYPE = YES_ERROR;
				GCC_WARN_UNDECLARED_SELECTOR = YES;
				GCC_WARN_UNINITIALIZED_AUTOS = YES_AGGRESSIVE;
				GCC_WARN_UNUSED_FUNCTION = YES;
				GCC_WARN_UNUSED_VARIABLE = YES;
				IPHONEOS_DEPLOYMENT_TARGET = 9.3;
				MTL_ENABLE_DEBUG_INFO = NO;
				SDKROOT = iphoneos;
				TARGETED_DEVICE_FAMILY = "1,2";
				VALIDATE_PRODUCT = YES;
			};
			name = Release;
		};
		010E61161CB4F0EB00C5BDEA /* Debug */ = {
			isa = XCBuildConfiguration;
			buildSettings = {
				ASSETCATALOG_COMPILER_APPICON_NAME = AppIcon;
				INFOPLIST_FILE = "下方块/Info.plist";
				LD_RUNPATH_SEARCH_PATHS = "$(inherited) @executable_path/Frameworks";
				PRODUCT_BUNDLE_IDENTIFIER = "bifangyv.---";
				PRODUCT_NAME = "$(TARGET_NAME)";
			};
			name = Debug;
		};
		010E61171CB4F0EB00C5BDEA /* Release */ = {
			isa = XCBuildConfiguration;
			buildSettings = {
				ASSETCATALOG_COMPILER_APPICON_NAME = AppIcon;
				INFOPLIST_FILE = "下方块/Info.plist";
				LD_RUNPATH_SEARCH_PATHS = "$(inherited) @executable_path/Frameworks";
				PRODUCT_BUNDLE_IDENTIFIER = "bifangyv.---";
				PRODUCT_NAME = "$(TARGET_NAME)";
			};
			name = Release;
		};
/* End XCBuildConfiguration section */

/* Begin XCConfigurationList section */
		010E60FE1CB4F0EA00C5BDEA /* Build configuration list for PBXProject "下方块" */ = {
			isa = XCConfigurationList;
			buildConfigurations = (
				010E61131CB4F0EB00C5BDEA /* Debug */,
				010E61141CB4F0EB00C5BDEA /* Release */,
			);
			defaultConfigurationIsVisible = 0;
			defaultConfigurationName = Release;
		};
		010E61151CB4F0EB00C5BDEA /* Build configuration list for PBXNativeTarget "下方块" */ = {
			isa = XCConfigurationList;
			buildConfigurations = (
				010E61161CB4F0EB00C5BDEA /* Debug */,
				010E61171CB4F0EB00C5BDEA /* Release */,
			);
			defaultConfigurationIsVisible = 0;
			defaultConfigurationName = Release;
		};
/* End XCConfigurationList section */
	};
	rootObject = 010E60FB1CB4F0EA00C5BDEA /* Project object */;
}
