// !$*UTF8*$!
{
	archiveVersion = 1;
	classes = {
	};
	objectVersion = 46;
	objects = {

/* Begin PBXBuildFile section */
		011BB6AA1CAD1DD900708AF0 /* AppDelegate.swift in Sources */ = {isa = PBXBuildFile; fileRef = 011BB6A91CAD1DD900708AF0 /* AppDelegate.swift */; };
		011BB6AC1CAD1DD900708AF0 /* ViewController.swift in Sources */ = {isa = PBXBuildFile; fileRef = 011BB6AB1CAD1DD900708AF0 /* ViewController.swift */; };
		011BB6B11CAD1DD900708AF0 /* Assets.xcassets in Resources */ = {isa = PBXBuildFile; fileRef = 011BB6B01CAD1DD900708AF0 /* Assets.xcassets */; };
		011BB6B41CAD1DD900708AF0 /* LaunchScreen.storyboard in Resources */ = {isa = PBXBuildFile; fileRef = 011BB6B21CAD1DD900708AF0 /* LaunchScreen.storyboard */; };
		011BB6BD1CAD211E00708AF0 /* Main.storyboard in Resources */ = {isa = PBXBuildFile; fileRef = 011BB6BB1CAD211E00708AF0 /* Main.storyboard */; };
/* End PBXBuildFile section */

/* Begin PBXFileReference section */
		011BB6A61CAD1DD800708AF0 /* TestUnwindSegue.app */ = {isa = PBXFileReference; explicitFileType = wrapper.application; includeInIndex = 0; path = TestUnwindSegue.app; sourceTree = BUILT_PRODUCTS_DIR; };
		011BB6A91CAD1DD900708AF0 /* AppDelegate.swift */ = {isa = PBXFileReference; lastKnownFileType = sourcecode.swift; path = AppDelegate.swift; sourceTree = "<group>"; };
		011BB6AB1CAD1DD900708AF0 /* ViewController.swift */ = {isa = PBXFileReference; lastKnownFileType = sourcecode.swift; path = ViewController.swift; sourceTree = "<group>"; };
		011BB6B01CAD1DD900708AF0 /* Assets.xcassets */ = {isa = PBXFileReference; lastKnownFileType = folder.assetcatalog; path = Assets.xcassets; sourceTree = "<group>"; };
		011BB6B31CAD1DD900708AF0 /* Base */ = {isa = PBXFileReference; lastKnownFileType = file.storyboard; name = Base; path = Base.lproj/LaunchScreen.storyboard; sourceTree = "<group>"; };
		011BB6B51CAD1DD900708AF0 /* Info.plist */ = {isa = PBXFileReference; lastKnownFileType = text.plist.xml; path = Info.plist; sourceTree = "<group>"; };
		011BB6BC1CAD211E00708AF0 /* Base */ = {isa = PBXFileReference; lastKnownFileType = file.storyboard; name = Base; path = TestUnwindSegue/Base.lproj/Main.storyboard; sourceTree = "<group>"; };
/* End PBXFileReference section */

/* Begin PBXFrameworksBuildPhase section */
		011BB6A31CAD1DD800708AF0 /* Frameworks */ = {
			isa = PBXFrameworksBuildPhase;
			buildActionMask = 2147483647;
			files = (
			);
			runOnlyForDeploymentPostprocessing = 0;
		};
/* End PBXFrameworksBuildPhase section */

/* Begin PBXGroup section */
		011BB69D1CAD1DD800708AF0 = {
			isa = PBXGroup;
			children = (
				011BB6A81CAD1DD900708AF0 /* TestUnwindSegue */,
				011BB6A71CAD1DD800708AF0 /* Products */,
			);
			sourceTree = "<group>";
		};
		011BB6A71CAD1DD800708AF0 /* Products */ = {
			isa = PBXGroup;
			children = (
				011BB6A61CAD1DD800708AF0 /* TestUnwindSegue.app */,
			);
			name = Products;
			sourceTree = "<group>";
		};
		011BB6A81CAD1DD900708AF0 /* TestUnwindSegue */ = {
			isa = PBXGroup;
			children = (
				011BB6AB1CAD1DD900708AF0 /* ViewController.swift */,
				011BB6BB1CAD211E00708AF0 /* Main.storyboard */,
				011BB6A91CAD1DD900708AF0 /* AppDelegate.swift */,
				011BB6B01CAD1DD900708AF0 /* Assets.xcassets */,
				011BB6B21CAD1DD900708AF0 /* LaunchScreen.storyboard */,
				011BB6B51CAD1DD900708AF0 /* Info.plist */,
			);
			path = TestUnwindSegue;
			sourceTree = "<group>";
		};
/* End PBXGroup section */

/* Begin PBXNativeTarget section */
		011BB6A51CAD1DD800708AF0 /* TestUnwindSegue */ = {
			isa = PBXNativeTarget;
			buildConfigurationList = 011BB6B81CAD1DD900708AF0 /* Build configuration list for PBXNativeTarget "TestUnwindSegue" */;
			buildPhases = (
				011BB6A21CAD1DD800708AF0 /* Sources */,
				011BB6A31CAD1DD800708AF0 /* Frameworks */,
				011BB6A41CAD1DD800708AF0 /* Resources */,
			);
			buildRules = (
			);
			dependencies = (
			);
			name = TestUnwindSegue;
			productName = TestUnwindSegue;
			productReference = 011BB6A61CAD1DD800708AF0 /* TestUnwindSegue.app */;
			productType = "com.apple.product-type.application";
		};
/* End PBXNativeTarget section */

/* Begin PBXProject section */
		011BB69E1CAD1DD800708AF0 /* Project object */ = {
			isa = PBXProject;
			attributes = {
				LastSwiftUpdateCheck = 0730;
				LastUpgradeCheck = 0730;
				ORGANIZATIONNAME = bifangyv;
				TargetAttributes = {
					011BB6A51CAD1DD800708AF0 = {
						CreatedOnToolsVersion = 7.3;
						DevelopmentTeam = MB7L74VH3J;
					};
				};
			};
			buildConfigurationList = 011BB6A11CAD1DD800708AF0 /* Build configuration list for PBXProject "TestUnwindSegue" */;
			compatibilityVersion = "Xcode 3.2";
			developmentRegion = English;
			hasScannedForEncodings = 0;
			knownRegions = (
				en,
				Base,
			);
			mainGroup = 011BB69D1CAD1DD800708AF0;
			productRefGroup = 011BB6A71CAD1DD800708AF0 /* Products */;
			projectDirPath = "";
			projectRoot = "";
			targets = (
				011BB6A51CAD1DD800708AF0 /* TestUnwindSegue */,
			);
		};
/* End PBXProject section */

/* Begin PBXResourcesBuildPhase section */
		011BB6A41CAD1DD800708AF0 /* Resources */ = {
			isa = PBXResourcesBuildPhase;
			buildActionMask = 2147483647;
			files = (
				011BB6BD1CAD211E00708AF0 /* Main.storyboard in Resources */,
				011BB6B41CAD1DD900708AF0 /* LaunchScreen.storyboard in Resources */,
				011BB6B11CAD1DD900708AF0 /* Assets.xcassets in Resources */,
			);
			runOnlyForDeploymentPostprocessing = 0;
		};
/* End PBXResourcesBuildPhase section */

/* Begin PBXSourcesBuildPhase section */
		011BB6A21CAD1DD800708AF0 /* Sources */ = {
			isa = PBXSourcesBuildPhase;
			buildActionMask = 2147483647;
			files = (
				011BB6AC1CAD1DD900708AF0 /* ViewController.swift in Sources */,
				011BB6AA1CAD1DD900708AF0 /* AppDelegate.swift in Sources */,
			);
			runOnlyForDeploymentPostprocessing = 0;
		};
/* End PBXSourcesBuildPhase section */

/* Begin PBXVariantGroup section */
		011BB6B21CAD1DD900708AF0 /* LaunchScreen.storyboard */ = {
			isa = PBXVariantGroup;
			children = (
				011BB6B31CAD1DD900708AF0 /* Base */,
			);
			name = LaunchScreen.storyboard;
			sourceTree = "<group>";
		};
		011BB6BB1CAD211E00708AF0 /* Main.storyboard */ = {
			isa = PBXVariantGroup;
			children = (
				011BB6BC1CAD211E00708AF0 /* Base */,
			);
			name = Main.storyboard;
			path = ..;
			sourceTree = "<group>";
		};
/* End PBXVariantGroup section */

/* Begin XCBuildConfiguration section */
		011BB6B61CAD1DD900708AF0 /* Debug */ = {
			isa = XCBuildConfiguration;
			buildSettings = {
				ALWAYS_SEARCH_USER_PATHS = NO;
				CLANG_ANALYZER_NONNULL = YES;
				CLANG_CXX_LANGUAGE_STANDARD = "gnu++0x";
				CLANG_CXX_LIBRARY = "libc++";
				CLANG_ENABLE_MODULES = YES;
				CLANG_ENABLE_OBJC_ARC = YES;
				CLANG_WARN_BOOL_CONVERSION = YES;
				CLANG_WARN_CONSTANT_CONVERSION = YES;
				CLANG_WARN_DIRECT_OBJC_ISA_USAGE = YES_ERROR;
				CLANG_WARN_EMPTY_BODY = YES;
				CLANG_WARN_ENUM_CONVERSION = YES;
				CLANG_WARN_INT_CONVERSION = YES;
				CLANG_WARN_OBJC_ROOT_CLASS = YES_ERROR;
				CLANG_WARN_UNREACHABLE_CODE = YES;
				CLANG_WARN__DUPLICATE_METHOD_MATCH = YES;
				"CODE_SIGN_IDENTITY[sdk=iphoneos*]" = "iPhone Developer";
				COPY_PHASE_STRIP = NO;
				DEBUG_INFORMATION_FORMAT = dwarf;
				ENABLE_STRICT_OBJC_MSGSEND = YES;
				ENABLE_TESTABILITY = YES;
				GCC_C_LANGUAGE_STANDARD = gnu99;
				GCC_DYNAMIC_NO_PIC = NO;
				GCC_NO_COMMON_BLOCKS = YES;
				GCC_OPTIMIZATION_LEVEL = 0;
				GCC_PREPROCESSOR_DEFINITIONS = (
					"DEBUG=1",
					"$(inherited)",
				);
				GCC_WARN_64_TO_32_BIT_CONVERSION = YES;
				GCC_WARN_ABOUT_RETURN_TYPE = YES_ERROR;
				GCC_WARN_UNDECLARED_SELECTOR = YES;
				GCC_WARN_UNINITIALIZED_AUTOS = YES_AGGRESSIVE;
				GCC_WARN_UNUSED_FUNCTION = YES;
				GCC_WARN_UNUSED_VARIABLE = YES;
				IPHONEOS_DEPLOYMENT_TARGET = 9.3;
				MTL_ENABLE_DEBUG_INFO = YES;
				ONLY_ACTIVE_ARCH = YES;
				SDKROOT = iphoneos;
				SWIFT_OPTIMIZATION_LEVEL = "-Onone";
				TARGETED_DEVICE_FAMILY = "1,2";
			};
			name = Debug;
		};
		011BB6B71CAD1DD900708AF0 /* Release */ = {
			isa = XCBuildConfiguration;
			buildSettings = {
				ALWAYS_SEARCH_USER_PATHS = NO;
				CLANG_ANALYZER_NONNULL = YES;
				CLANG_CXX_LANGUAGE_STANDARD = "gnu++0x";
				CLANG_CXX_LIBRARY = "libc++";
				CLANG_ENABLE_MODULES = YES;
				CLANG_ENABLE_OBJC_ARC = YES;
				CLANG_WARN_BOOL_CONVERSION = YES;
				CLANG_WARN_CONSTANT_CONVERSION = YES;
				CLANG_WARN_DIRECT_OBJC_ISA_USAGE = YES_ERROR;
				CLANG_WARN_EMPTY_BODY = YES;
				CLANG_WARN_ENUM_CONVERSION = YES;
				CLANG_WARN_INT_CONVERSION = YES;
				CLANG_WARN_OBJC_ROOT_CLASS = YES_ERROR;
				CLANG_WARN_UNREACHABLE_CODE = YES;
				CLANG_WARN__DUPLICATE_METHOD_MATCH = YES;
				"CODE_SIGN_IDENTITY[sdk=iphoneos*]" = "iPhone Developer";
				COPY_PHASE_STRIP = NO;
				DEBUG_INFORMATION_FORMAT = "dwarf-with-dsym";
				ENABLE_NS_ASSERTIONS = NO;
				ENABLE_STRICT_OBJC_MSGSEND = YES;
				GCC_C_LANGUAGE_STANDARD = gnu99;
				GCC_NO_COMMON_BLOCKS = YES;
				GCC_WARN_64_TO_32_BIT_CONVERSION = YES;
				GCC_WARN_ABOUT_RETURN_TYPE = YES_ERROR;
				GCC_WARN_UNDECLARED_SELECTOR = YES;
				GCC_WARN_UNINITIALIZED_AUTOS = YES_AGGRESSIVE;
				GCC_WARN_UNUSED_FUNCTION = YES;
				GCC_WARN_UNUSED_VARIABLE = YES;
				IPHONEOS_DEPLOYMENT_TARGET = 9.3;
				MTL_ENABLE_DEBUG_INFO = NO;
				SDKROOT = iphoneos;
				TARGETED_DEVICE_FAMILY = "1,2";
				VALIDATE_PRODUCT = YES;
			};
			name = Release;
		};
		011BB6B91CAD1DD900708AF0 /* Debug */ = {
			isa = XCBuildConfiguration;
			buildSettings = {
				ASSETCATALOG_COMPILER_APPICON_NAME = AppIcon;
				INFOPLIST_FILE = TestUnwindSegue/Info.plist;
				LD_RUNPATH_SEARCH_PATHS = "$(inherited) @executable_path/Frameworks";
				PRODUCT_BUNDLE_IDENTIFIER = bifangyv.TestUnwindSegue;
				PRODUCT_NAME = "$(TARGET_NAME)";
			};
			name = Debug;
		};
		011BB6BA1CAD1DD900708AF0 /* Release */ = {
			isa = XCBuildConfiguration;
			buildSettings = {
				ASSETCATALOG_COMPILER_APPICON_NAME = AppIcon;
				INFOPLIST_FILE = TestUnwindSegue/Info.plist;
				LD_RUNPATH_SEARCH_PATHS = "$(inherited) @executable_path/Frameworks";
				PRODUCT_BUNDLE_IDENTIFIER = bifangyv.TestUnwindSegue;
				PRODUCT_NAME = "$(TARGET_NAME)";
			};
			name = Release;
		};
/* End XCBuildConfiguration section */

/* Begin XCConfigurationList section */
		011BB6A11CAD1DD800708AF0 /* Build configuration list for PBXProject "TestUnwindSegue" */ = {
			isa = XCConfigurationList;
			buildConfigurations = (
				011BB6B61CAD1DD900708AF0 /* Debug */,
				011BB6B71CAD1DD900708AF0 /* Release */,
			);
			defaultConfigurationIsVisible = 0;
			defaultConfigurationName = Release;
		};
		011BB6B81CAD1DD900708AF0 /* Build configuration list for PBXNativeTarget "TestUnwindSegue" */ = {
			isa = XCConfigurationList;
			buildConfigurations = (
				011BB6B91CAD1DD900708AF0 /* Debug */,
				011BB6BA1CAD1DD900708AF0 /* Release */,
			);
			defaultConfigurationIsVisible = 0;
		};
/* End XCConfigurationList section */
	};
	rootObject = 011BB69E1CAD1DD800708AF0 /* Project object */;
}
